// !$*UTF8*$!
{
	archiveVersion = 1;
	classes = {
	};
	objectVersion = 55;
	objects = {

/* Begin PBXBuildFile section */
		762B5F2727A38CD200C2D24D /* MyDemoApp.swift in Sources */ = {isa = PBXBuildFile; fileRef = 762B5F2627A38CD200C2D24D /* MyDemoApp.swift */; };
		762B5F2B27A38CD300C2D24D /* Assets.xcassets in Resources */ = {isa = PBXBuildFile; fileRef = 762B5F2A27A38CD300C2D24D /* Assets.xcassets */; };
		762B5F2E27A38CD300C2D24D /* Preview Assets.xcassets in Resources */ = {isa = PBXBuildFile; fileRef = 762B5F2D27A38CD300C2D24D /* Preview Assets.xcassets */; };
		762B5F3027A38CD300C2D24D /* Persistence.swift in Sources */ = {isa = PBXBuildFile; fileRef = 762B5F2F27A38CD300C2D24D /* Persistence.swift */; };
		762B5F3327A38CD300C2D24D /* MyDemo.xcdatamodeld in Sources */ = {isa = PBXBuildFile; fileRef = 762B5F3127A38CD300C2D24D /* MyDemo.xcdatamodeld */; };
		762B5F3D27A38CD300C2D24D /* MyDemoTests.swift in Sources */ = {isa = PBXBuildFile; fileRef = 762B5F3C27A38CD300C2D24D /* MyDemoTests.swift */; };
		762B5F4727A38CD300C2D24D /* MyDemoUITests.swift in Sources */ = {isa = PBXBuildFile; fileRef = 762B5F4627A38CD300C2D24D /* MyDemoUITests.swift */; };
		762B5F4927A38CD300C2D24D /* MyDemoUITestsLaunchTests.swift in Sources */ = {isa = PBXBuildFile; fileRef = 762B5F4827A38CD300C2D24D /* MyDemoUITestsLaunchTests.swift */; };
		762B5F5627A38CF100C2D24D /* Homescreen.swift in Sources */ = {isa = PBXBuildFile; fileRef = 762B5F5527A38CF100C2D24D /* Homescreen.swift */; };
		763A8DF227C4AF0B00C6A697 /* SignInScreen.swift in Sources */ = {isa = PBXBuildFile; fileRef = 763A8DF127C4AF0B00C6A697 /* SignInScreen.swift */; };
		763A8DF427C4B64C00C6A697 /* SignUpScreen.swift in Sources */ = {isa = PBXBuildFile; fileRef = 763A8DF327C4B64C00C6A697 /* SignUpScreen.swift */; };
		76A461B627CD25400002B175 /* itemPost.swift in Sources */ = {isa = PBXBuildFile; fileRef = 76A461B527CD25400002B175 /* itemPost.swift */; };
		76A461B827CDFEA80002B175 /* itemStory.swift in Sources */ = {isa = PBXBuildFile; fileRef = 76A461B727CDFEA80002B175 /* itemStory.swift */; };
		76A461BC27CE06C70002B175 /* AddStory.swift in Sources */ = {isa = PBXBuildFile; fileRef = 76A461BB27CE06C70002B175 /* AddStory.swift */; };
		76AF167627C88E4800F2276A /* StarterScreen.swift in Sources */ = {isa = PBXBuildFile; fileRef = 76AF167527C88E4800F2276A /* StarterScreen.swift */; };
		76EBCD2727BA44C100022E41 /* protocol.swift in Sources */ = {isa = PBXBuildFile; fileRef = 76EBCD2627BA44C100022E41 /* protocol.swift */; };
/* End PBXBuildFile section */

/* Begin PBXContainerItemProxy section */
		762B5F3927A38CD300C2D24D /* PBXContainerItemProxy */ = {
			isa = PBXContainerItemProxy;
			containerPortal = 762B5F1B27A38CD200C2D24D /* Project object */;
			proxyType = 1;
			remoteGlobalIDString = 762B5F2227A38CD200C2D24D;
			remoteInfo = MyDemo;
		};
		762B5F4327A38CD300C2D24D /* PBXContainerItemProxy */ = {
			isa = PBXContainerItemProxy;
			containerPortal = 762B5F1B27A38CD200C2D24D /* Project object */;
			proxyType = 1;
			remoteGlobalIDString = 762B5F2227A38CD200C2D24D;
			remoteInfo = MyDemo;
		};
/* End PBXContainerItemProxy section */

/* Begin PBXFileReference section */
		762B5F2327A38CD200C2D24D /* MyDemo.app */ = {isa = PBXFileReference; explicitFileType = wrapper.application; includeInIndex = 0; path = MyDemo.app; sourceTree = BUILT_PRODUCTS_DIR; };
		762B5F2627A38CD200C2D24D /* MyDemoApp.swift */ = {isa = PBXFileReference; lastKnownFileType = sourcecode.swift; path = MyDemoApp.swift; sourceTree = "<group>"; };
		762B5F2A27A38CD300C2D24D /* Assets.xcassets */ = {isa = PBXFileReference; lastKnownFileType = folder.assetcatalog; path = Assets.xcassets; sourceTree = "<group>"; };
		762B5F2D27A38CD300C2D24D /* Preview Assets.xcassets */ = {isa = PBXFileReference; lastKnownFileType = folder.assetcatalog; path = "Preview Assets.xcassets"; sourceTree = "<group>"; };
		762B5F2F27A38CD300C2D24D /* Persistence.swift */ = {isa = PBXFileReference; lastKnownFileType = sourcecode.swift; path = Persistence.swift; sourceTree = "<group>"; };
		762B5F3227A38CD300C2D24D /* MyDemo.xcdatamodel */ = {isa = PBXFileReference; lastKnownFileType = wrapper.xcdatamodel; path = MyDemo.xcdatamodel; sourceTree = "<group>"; };
		762B5F3827A38CD300C2D24D /* MyDemoTests.xctest */ = {isa = PBXFileReference; explicitFileType = wrapper.cfbundle; includeInIndex = 0; path = MyDemoTests.xctest; sourceTree = BUILT_PRODUCTS_DIR; };
		762B5F3C27A38CD300C2D24D /* MyDemoTests.swift */ = {isa = PBXFileReference; lastKnownFileType = sourcecode.swift; path = MyDemoTests.swift; sourceTree = "<group>"; };
		762B5F4227A38CD300C2D24D /* MyDemoUITests.xctest */ = {isa = PBXFileReference; explicitFileType = wrapper.cfbundle; includeInIndex = 0; path = MyDemoUITests.xctest; sourceTree = BUILT_PRODUCTS_DIR; };
		762B5F4627A38CD300C2D24D /* MyDemoUITests.swift */ = {isa = PBXFileReference; lastKnownFileType = sourcecode.swift; path = MyDemoUITests.swift; sourceTree = "<group>"; };
		762B5F4827A38CD300C2D24D /* MyDemoUITestsLaunchTests.swift */ = {isa = PBXFileReference; lastKnownFileType = sourcecode.swift; path = MyDemoUITestsLaunchTests.swift; sourceTree = "<group>"; };
		762B5F5527A38CF100C2D24D /* Homescreen.swift */ = {isa = PBXFileReference; lastKnownFileType = sourcecode.swift; path = Homescreen.swift; sourceTree = "<group>"; };
		763A8DF127C4AF0B00C6A697 /* SignInScreen.swift */ = {isa = PBXFileReference; lastKnownFileType = sourcecode.swift; path = SignInScreen.swift; sourceTree = "<group>"; };
		763A8DF327C4B64C00C6A697 /* SignUpScreen.swift */ = {isa = PBXFileReference; lastKnownFileType = sourcecode.swift; path = SignUpScreen.swift; sourceTree = "<group>"; };
		76A461B527CD25400002B175 /* itemPost.swift */ = {isa = PBXFileReference; lastKnownFileType = sourcecode.swift; path = itemPost.swift; sourceTree = "<group>"; };
		76A461B727CDFEA80002B175 /* itemStory.swift */ = {isa = PBXFileReference; lastKnownFileType = sourcecode.swift; path = itemStory.swift; sourceTree = "<group>"; };
		76A461BB27CE06C70002B175 /* AddStory.swift */ = {isa = PBXFileReference; lastKnownFileType = sourcecode.swift; path = AddStory.swift; sourceTree = "<group>"; };
		76AF167527C88E4800F2276A /* StarterScreen.swift */ = {isa = PBXFileReference; lastKnownFileType = sourcecode.swift; path = StarterScreen.swift; sourceTree = "<group>"; };
		76EBCD2627BA44C100022E41 /* protocol.swift */ = {isa = PBXFileReference; lastKnownFileType = sourcecode.swift; path = protocol.swift; sourceTree = "<group>"; };
/* End PBXFileReference section */

/* Begin PBXFrameworksBuildPhase section */
		762B5F2027A38CD200C2D24D /* Frameworks */ = {
			isa = PBXFrameworksBuildPhase;
			buildActionMask = 2147483647;
			files = (
			);
			runOnlyForDeploymentPostprocessing = 0;
		};
		762B5F3527A38CD300C2D24D /* Frameworks */ = {
			isa = PBXFrameworksBuildPhase;
			buildActionMask = 2147483647;
			files = (
			);
			runOnlyForDeploymentPostprocessing = 0;
		};
		762B5F3F27A38CD300C2D24D /* Frameworks */ = {
			isa = PBXFrameworksBuildPhase;
			buildActionMask = 2147483647;
			files = (
			);
			runOnlyForDeploymentPostprocessing = 0;
		};
/* End PBXFrameworksBuildPhase section */

/* Begin PBXGroup section */
		762B5F1A27A38CD200C2D24D = {
			isa = PBXGroup;
			children = (
				762B5F2527A38CD200C2D24D /* MyDemo */,
				762B5F3B27A38CD300C2D24D /* MyDemoTests */,
				762B5F4527A38CD300C2D24D /* MyDemoUITests */,
				762B5F2427A38CD200C2D24D /* Products */,
			);
			sourceTree = "<group>";
		};
		762B5F2427A38CD200C2D24D /* Products */ = {
			isa = PBXGroup;
			children = (
				762B5F2327A38CD200C2D24D /* MyDemo.app */,
				762B5F3827A38CD300C2D24D /* MyDemoTests.xctest */,
				762B5F4227A38CD300C2D24D /* MyDemoUITests.xctest */,
			);
			name = Products;
			sourceTree = "<group>";
		};
		762B5F2527A38CD200C2D24D /* MyDemo */ = {
			isa = PBXGroup;
			children = (
				76A461B427CD25300002B175 /* cells */,
				76EBCD2527BA44AB00022E41 /* protocols */,
				76D7F2E927B8F27C005FA2DA /* Screens */,
				762B5F5727A38D0900C2D24D /* apputils */,
				762B5F2627A38CD200C2D24D /* MyDemoApp.swift */,
				762B5F5527A38CF100C2D24D /* Homescreen.swift */,
				762B5F3127A38CD300C2D24D /* MyDemo.xcdatamodeld */,
				762B5F2C27A38CD300C2D24D /* Preview Content */,
			);
			path = MyDemo;
			sourceTree = "<group>";
		};
		762B5F2C27A38CD300C2D24D /* Preview Content */ = {
			isa = PBXGroup;
			children = (
				762B5F2D27A38CD300C2D24D /* Preview Assets.xcassets */,
			);
			path = "Preview Content";
			sourceTree = "<group>";
		};
		762B5F3B27A38CD300C2D24D /* MyDemoTests */ = {
			isa = PBXGroup;
			children = (
				762B5F3C27A38CD300C2D24D /* MyDemoTests.swift */,
			);
			path = MyDemoTests;
			sourceTree = "<group>";
		};
		762B5F4527A38CD300C2D24D /* MyDemoUITests */ = {
			isa = PBXGroup;
			children = (
				762B5F4627A38CD300C2D24D /* MyDemoUITests.swift */,
				762B5F4827A38CD300C2D24D /* MyDemoUITestsLaunchTests.swift */,
			);
			path = MyDemoUITests;
			sourceTree = "<group>";
		};
		762B5F5727A38D0900C2D24D /* apputils */ = {
			isa = PBXGroup;
			children = (
				762B5F2A27A38CD300C2D24D /* Assets.xcassets */,
				762B5F2F27A38CD300C2D24D /* Persistence.swift */,
			);
			path = apputils;
			sourceTree = "<group>";
		};
		76A461B427CD25300002B175 /* cells */ = {
			isa = PBXGroup;
			children = (
				76A461B527CD25400002B175 /* itemPost.swift */,
				76A461B727CDFEA80002B175 /* itemStory.swift */,
				76A461BB27CE06C70002B175 /* AddStory.swift */,
			);
			path = cells;
			sourceTree = "<group>";
		};
		76D7F2E927B8F27C005FA2DA /* Screens */ = {
			isa = PBXGroup;
			children = (
				763A8DF127C4AF0B00C6A697 /* SignInScreen.swift */,
				763A8DF327C4B64C00C6A697 /* SignUpScreen.swift */,
				76AF167527C88E4800F2276A /* StarterScreen.swift */,
			);
			path = Screens;
			sourceTree = "<group>";
		};
		76EBCD2527BA44AB00022E41 /* protocols */ = {
			isa = PBXGroup;
			children = (
				76EBCD2627BA44C100022E41 /* protocol.swift */,
			);
			path = protocols;
			sourceTree = "<group>";
		};
/* End PBXGroup section */

/* Begin PBXNativeTarget section */
		762B5F2227A38CD200C2D24D /* MyDemo */ = {
			isa = PBXNativeTarget;
			buildConfigurationList = 762B5F4C27A38CD300C2D24D /* Build configuration list for PBXNativeTarget "MyDemo" */;
			buildPhases = (
				762B5F1F27A38CD200C2D24D /* Sources */,
				762B5F2027A38CD200C2D24D /* Frameworks */,
				762B5F2127A38CD200C2D24D /* Resources */,
			);
			buildRules = (
			);
			dependencies = (
			);
			name = MyDemo;
			productName = MyDemo;
			productReference = 762B5F2327A38CD200C2D24D /* MyDemo.app */;
			productType = "com.apple.product-type.application";
		};
		762B5F3727A38CD300C2D24D /* MyDemoTests */ = {
			isa = PBXNativeTarget;
			buildConfigurationList = 762B5F4F27A38CD300C2D24D /* Build configuration list for PBXNativeTarget "MyDemoTests" */;
			buildPhases = (
				762B5F3427A38CD300C2D24D /* Sources */,
				762B5F3527A38CD300C2D24D /* Frameworks */,
				762B5F3627A38CD300C2D24D /* Resources */,
			);
			buildRules = (
			);
			dependencies = (
				762B5F3A27A38CD300C2D24D /* PBXTargetDependency */,
			);
			name = MyDemoTests;
			productName = MyDemoTests;
			productReference = 762B5F3827A38CD300C2D24D /* MyDemoTests.xctest */;
			productType = "com.apple.product-type.bundle.unit-test";
		};
		762B5F4127A38CD300C2D24D /* MyDemoUITests */ = {
			isa = PBXNativeTarget;
			buildConfigurationList = 762B5F5227A38CD300C2D24D /* Build configuration list for PBXNativeTarget "MyDemoUITests" */;
			buildPhases = (
				762B5F3E27A38CD300C2D24D /* Sources */,
				762B5F3F27A38CD300C2D24D /* Frameworks */,
				762B5F4027A38CD300C2D24D /* Resources */,
			);
			buildRules = (
			);
			dependencies = (
				762B5F4427A38CD300C2D24D /* PBXTargetDependency */,
			);
			name = MyDemoUITests;
			productName = MyDemoUITests;
			productReference = 762B5F4227A38CD300C2D24D /* MyDemoUITests.xctest */;
			productType = "com.apple.product-type.bundle.ui-testing";
		};
/* End PBXNativeTarget section */

/* Begin PBXProject section */
		762B5F1B27A38CD200C2D24D /* Project object */ = {
			isa = PBXProject;
			attributes = {
				BuildIndependentTargetsInParallel = 1;
				LastSwiftUpdateCheck = 1320;
				LastUpgradeCheck = 1320;
				TargetAttributes = {
					762B5F2227A38CD200C2D24D = {
						CreatedOnToolsVersion = 13.2.1;
					};
					762B5F3727A38CD300C2D24D = {
						CreatedOnToolsVersion = 13.2.1;
						TestTargetID = 762B5F2227A38CD200C2D24D;
					};
					762B5F4127A38CD300C2D24D = {
						CreatedOnToolsVersion = 13.2.1;
						TestTargetID = 762B5F2227A38CD200C2D24D;
					};
				};
			};
			buildConfigurationList = 762B5F1E27A38CD200C2D24D /* Build configuration list for PBXProject "MyDemo" */;
			compatibilityVersion = "Xcode 13.0";
			developmentRegion = en;
			hasScannedForEncodings = 0;
			knownRegions = (
				en,
				Base,
			);
			mainGroup = 762B5F1A27A38CD200C2D24D;
			productRefGroup = 762B5F2427A38CD200C2D24D /* Products */;
			projectDirPath = "";
			projectRoot = "";
			targets = (
				762B5F2227A38CD200C2D24D /* MyDemo */,
				762B5F3727A38CD300C2D24D /* MyDemoTests */,
				762B5F4127A38CD300C2D24D /* MyDemoUITests */,
			);
		};
/* End PBXProject section */

/* Begin PBXResourcesBuildPhase section */
		762B5F2127A38CD200C2D24D /* Resources */ = {
			isa = PBXResourcesBuildPhase;
			buildActionMask = 2147483647;
			files = (
				762B5F2E27A38CD300C2D24D /* Preview Assets.xcassets in Resources */,
				762B5F2B27A38CD300C2D24D /* Assets.xcassets in Resources */,
			);
			runOnlyForDeploymentPostprocessing = 0;
		};
		762B5F3627A38CD300C2D24D /* Resources */ = {
			isa = PBXResourcesBuildPhase;
			buildActionMask = 2147483647;
			files = (
			);
			runOnlyForDeploymentPostprocessing = 0;
		};
		762B5F4027A38CD300C2D24D /* Resources */ = {
			isa = PBXResourcesBuildPhase;
			buildActionMask = 2147483647;
			files = (
			);
			runOnlyForDeploymentPostprocessing = 0;
		};
/* End PBXResourcesBuildPhase section */

/* Begin PBXSourcesBuildPhase section */
		762B5F1F27A38CD200C2D24D /* Sources */ = {
			isa = PBXSourcesBuildPhase;
			buildActionMask = 2147483647;
			files = (
				762B5F5627A38CF100C2D24D /* Homescreen.swift in Sources */,
				76A461BC27CE06C70002B175 /* AddStory.swift in Sources */,
				76A461B627CD25400002B175 /* itemPost.swift in Sources */,
				76AF167627C88E4800F2276A /* StarterScreen.swift in Sources */,
				76EBCD2727BA44C100022E41 /* protocol.swift in Sources */,
				762B5F3027A38CD300C2D24D /* Persistence.swift in Sources */,
				763A8DF427C4B64C00C6A697 /* SignUpScreen.swift in Sources */,
				76A461B827CDFEA80002B175 /* itemStory.swift in Sources */,
				763A8DF227C4AF0B00C6A697 /* SignInScreen.swift in Sources */,
				762B5F3327A38CD300C2D24D /* MyDemo.xcdatamodeld in Sources */,
				762B5F2727A38CD200C2D24D /* MyDemoApp.swift in Sources */,
			);
			runOnlyForDeploymentPostprocessing = 0;
		};
		762B5F3427A38CD300C2D24D /* Sources */ = {
			isa = PBXSourcesBuildPhase;
			buildActionMask = 2147483647;
			files = (
				762B5F3D27A38CD300C2D24D /* MyDemoTests.swift in Sources */,
			);
			runOnlyForDeploymentPostprocessing = 0;
		};
		762B5F3E27A38CD300C2D24D /* Sources */ = {
			isa = PBXSourcesBuildPhase;
			buildActionMask = 2147483647;
			files = (
				762B5F4727A38CD300C2D24D /* MyDemoUITests.swift in Sources */,
				762B5F4927A38CD300C2D24D /* MyDemoUITestsLaunchTests.swift in Sources */,
			);
			runOnlyForDeploymentPostprocessing = 0;
		};
/* End PBXSourcesBuildPhase section */

/* Begin PBXTargetDependency section */
		762B5F3A27A38CD300C2D24D /* PBXTargetDependency */ = {
			isa = PBXTargetDependency;
			target = 762B5F2227A38CD200C2D24D /* MyDemo */;
			targetProxy = 762B5F3927A38CD300C2D24D /* PBXContainerItemProxy */;
		};
		762B5F4427A38CD300C2D24D /* PBXTargetDependency */ = {
			isa = PBXTargetDependency;
			target = 762B5F2227A38CD200C2D24D /* MyDemo */;
			targetProxy = 762B5F4327A38CD300C2D24D /* PBXContainerItemProxy */;
		};
/* End PBXTargetDependency section */

/* Begin XCBuildConfiguration section */
		762B5F4A27A38CD300C2D24D /* Debug */ = {
			isa = XCBuildConfiguration;
			buildSettings = {
				ALWAYS_SEARCH_USER_PATHS = NO;
				CLANG_ANALYZER_NONNULL = YES;
				CLANG_ANALYZER_NUMBER_OBJECT_CONVERSION = YES_AGGRESSIVE;
				CLANG_CXX_LANGUAGE_STANDARD = "gnu++17";
				CLANG_CXX_LIBRARY = "libc++";
				CLANG_ENABLE_MODULES = YES;
				CLANG_ENABLE_OBJC_ARC = YES;
				CLANG_ENABLE_OBJC_WEAK = YES;
				CLANG_WARN_BLOCK_CAPTURE_AUTORELEASING = YES;
				CLANG_WARN_BOOL_CONVERSION = YES;
				CLANG_WARN_COMMA = YES;
				CLANG_WARN_CONSTANT_CONVERSION = YES;
				CLANG_WARN_DEPRECATED_OBJC_IMPLEMENTATIONS = YES;
				CLANG_WARN_DIRECT_OBJC_ISA_USAGE = YES_ERROR;
				CLANG_WARN_DOCUMENTATION_COMMENTS = YES;
				CLANG_WARN_EMPTY_BODY = YES;
				CLANG_WARN_ENUM_CONVERSION = YES;
				CLANG_WARN_INFINITE_RECURSION = YES;
				CLANG_WARN_INT_CONVERSION = YES;
				CLANG_WARN_NON_LITERAL_NULL_CONVERSION = YES;
				CLANG_WARN_OBJC_IMPLICIT_RETAIN_SELF = YES;
				CLANG_WARN_OBJC_LITERAL_CONVERSION = YES;
				CLANG_WARN_OBJC_ROOT_CLASS = YES_ERROR;
				CLANG_WARN_QUOTED_INCLUDE_IN_FRAMEWORK_HEADER = YES;
				CLANG_WARN_RANGE_LOOP_ANALYSIS = YES;
				CLANG_WARN_STRICT_PROTOTYPES = YES;
				CLANG_WARN_SUSPICIOUS_MOVE = YES;
				CLANG_WARN_UNGUARDED_AVAILABILITY = YES_AGGRESSIVE;
				CLANG_WARN_UNREACHABLE_CODE = YES;
				CLANG_WARN__DUPLICATE_METHOD_MATCH = YES;
				COPY_PHASE_STRIP = NO;
				DEBUG_INFORMATION_FORMAT = dwarf;
				ENABLE_STRICT_OBJC_MSGSEND = YES;
				ENABLE_TESTABILITY = YES;
				GCC_C_LANGUAGE_STANDARD = gnu11;
				GCC_DYNAMIC_NO_PIC = NO;
				GCC_NO_COMMON_BLOCKS = YES;
				GCC_OPTIMIZATION_LEVEL = 0;
				GCC_PREPROCESSOR_DEFINITIONS = (
					"DEBUG=1",
					"$(inherited)",
				);
				GCC_WARN_64_TO_32_BIT_CONVERSION = YES;
				GCC_WARN_ABOUT_RETURN_TYPE = YES_ERROR;
				GCC_WARN_UNDECLARED_SELECTOR = YES;
				GCC_WARN_UNINITIALIZED_AUTOS = YES_AGGRESSIVE;
				GCC_WARN_UNUSED_FUNCTION = YES;
				GCC_WARN_UNUSED_VARIABLE = YES;
				IPHONEOS_DEPLOYMENT_TARGET = 15.2;
				MTL_ENABLE_DEBUG_INFO = INCLUDE_SOURCE;
				MTL_FAST_MATH = YES;
				ONLY_ACTIVE_ARCH = YES;
				SDKROOT = iphoneos;
				SWIFT_ACTIVE_COMPILATION_CONDITIONS = DEBUG;
				SWIFT_OPTIMIZATION_LEVEL = "-Onone";
			};
			name = Debug;
		};
		762B5F4B27A38CD300C2D24D /* Release */ = {
			isa = XCBuildConfiguration;
			buildSettings = {
				ALWAYS_SEARCH_USER_PATHS = NO;
				CLANG_ANALYZER_NONNULL = YES;
				CLANG_ANALYZER_NUMBER_OBJECT_CONVERSION = YES_AGGRESSIVE;
				CLANG_CXX_LANGUAGE_STANDARD = "gnu++17";
				CLANG_CXX_LIBRARY = "libc++";
				CLANG_ENABLE_MODULES = YES;
				CLANG_ENABLE_OBJC_ARC = YES;
				CLANG_ENABLE_OBJC_WEAK = YES;
				CLANG_WARN_BLOCK_CAPTURE_AUTORELEASING = YES;
				CLANG_WARN_BOOL_CONVERSION = YES;
				CLANG_WARN_COMMA = YES;
				CLANG_WARN_CONSTANT_CONVERSION = YES;
				CLANG_WARN_DEPRECATED_OBJC_IMPLEMENTATIONS = YES;
				CLANG_WARN_DIRECT_OBJC_ISA_USAGE = YES_ERROR;
				CLANG_WARN_DOCUMENTATION_COMMENTS = YES;
				CLANG_WARN_EMPTY_BODY = YES;
				CLANG_WARN_ENUM_CONVERSION = YES;
				CLANG_WARN_INFINITE_RECURSION = YES;
				CLANG_WARN_INT_CONVERSION = YES;
				CLANG_WARN_NON_LITERAL_NULL_CONVERSION = YES;
				CLANG_WARN_OBJC_IMPLICIT_RETAIN_SELF = YES;
				CLANG_WARN_OBJC_LITERAL_CONVERSION = YES;
				CLANG_WARN_OBJC_ROOT_CLASS = YES_ERROR;
				CLANG_WARN_QUOTED_INCLUDE_IN_FRAMEWORK_HEADER = YES;
				CLANG_WARN_RANGE_LOOP_ANALYSIS = YES;
				CLANG_WARN_STRICT_PROTOTYPES = YES;
				CLANG_WARN_SUSPICIOUS_MOVE = YES;
				CLANG_WARN_UNGUARDED_AVAILABILITY = YES_AGGRESSIVE;
				CLANG_WARN_UNREACHABLE_CODE = YES;
				CLANG_WARN__DUPLICATE_METHOD_MATCH = YES;
				COPY_PHASE_STRIP = NO;
				DEBUG_INFORMATION_FORMAT = "dwarf-with-dsym";
				ENABLE_NS_ASSERTIONS = NO;
				ENABLE_STRICT_OBJC_MSGSEND = YES;
				GCC_C_LANGUAGE_STANDARD = gnu11;
				GCC_NO_COMMON_BLOCKS = YES;
				GCC_WARN_64_TO_32_BIT_CONVERSION = YES;
				GCC_WARN_ABOUT_RETURN_TYPE = YES_ERROR;
				GCC_WARN_UNDECLARED_SELECTOR = YES;
				GCC_WARN_UNINITIALIZED_AUTOS = YES_AGGRESSIVE;
				GCC_WARN_UNUSED_FUNCTION = YES;
				GCC_WARN_UNUSED_VARIABLE = YES;
				IPHONEOS_DEPLOYMENT_TARGET = 15.2;
				MTL_ENABLE_DEBUG_INFO = NO;
				MTL_FAST_MATH = YES;
				SDKROOT = iphoneos;
				SWIFT_COMPILATION_MODE = wholemodule;
				SWIFT_OPTIMIZATION_LEVEL = "-O";
				VALIDATE_PRODUCT = YES;
			};
			name = Release;
		};
		762B5F4D27A38CD300C2D24D /* Debug */ = {
			isa = XCBuildConfiguration;
			buildSettings = {
				ASSETCATALOG_COMPILER_APPICON_NAME = AppIcon;
				ASSETCATALOG_COMPILER_GLOBAL_ACCENT_COLOR_NAME = AccentColor;
				CODE_SIGN_STYLE = Automatic;
				CURRENT_PROJECT_VERSION = 1;
				DEVELOPMENT_ASSET_PATHS = "\"MyDemo/Preview Content\"";
				ENABLE_PREVIEWS = YES;
				GENERATE_INFOPLIST_FILE = YES;
				INFOPLIST_KEY_UIApplicationSceneManifest_Generation = YES;
				INFOPLIST_KEY_UIApplicationSupportsIndirectInputEvents = YES;
				INFOPLIST_KEY_UILaunchScreen_Generation = YES;
				INFOPLIST_KEY_UISupportedInterfaceOrientations_iPad = "UIInterfaceOrientationPortrait UIInterfaceOrientationPortraitUpsideDown UIInterfaceOrientationLandscapeLeft UIInterfaceOrientationLandscapeRight";
				INFOPLIST_KEY_UISupportedInterfaceOrientations_iPhone = "UIInterfaceOrientationPortrait UIInterfaceOrientationLandscapeLeft UIInterfaceOrientationLandscapeRight";
				LD_RUNPATH_SEARCH_PATHS = (
					"$(inherited)",
					"@executable_path/Frameworks",
				);
				MARKETING_VERSION = 1.0;
				PRODUCT_BUNDLE_IDENTIFIER = cpp.MyDemo;
				PRODUCT_NAME = "$(TARGET_NAME)";
				SWIFT_EMIT_LOC_STRINGS = YES;
				SWIFT_VERSION = 5.0;
				TARGETED_DEVICE_FAMILY = "1,2";
			};
			name = Debug;
		};
		762B5F4E27A38CD300C2D24D /* Release */ = {
			isa = XCBuildConfiguration;
			buildSettings = {
				ASSETCATALOG_COMPILER_APPICON_NAME = AppIcon;
				ASSETCATALOG_COMPILER_GLOBAL_ACCENT_COLOR_NAME = AccentColor;
				CODE_SIGN_STYLE = Automatic;
				CURRENT_PROJECT_VERSION = 1;
				DEVELOPMENT_ASSET_PATHS = "\"MyDemo/Preview Content\"";
				ENABLE_PREVIEWS = YES;
				GENERATE_INFOPLIST_FILE = YES;
				INFOPLIST_KEY_UIApplicationSceneManifest_Generation = YES;
				INFOPLIST_KEY_UIApplicationSupportsIndirectInputEvents = YES;
				INFOPLIST_KEY_UILaunchScreen_Generation = YES;
				INFOPLIST_KEY_UISupportedInterfaceOrientations_iPad = "UIInterfaceOrientationPortrait UIInterfaceOrientationPortraitUpsideDown UIInterfaceOrientationLandscapeLeft UIInterfaceOrientationLandscapeRight";
				INFOPLIST_KEY_UISupportedInterfaceOrientations_iPhone = "UIInterfaceOrientationPortrait UIInterfaceOrientationLandscapeLeft UIInterfaceOrientationLandscapeRight";
				LD_RUNPATH_SEARCH_PATHS = (
					"$(inherited)",
					"@executable_path/Frameworks",
				);
				MARKETING_VERSION = 1.0;
				PRODUCT_BUNDLE_IDENTIFIER = cpp.MyDemo;
				PRODUCT_NAME = "$(TARGET_NAME)";
				SWIFT_EMIT_LOC_STRINGS = YES;
				SWIFT_VERSION = 5.0;
				TARGETED_DEVICE_FAMILY = "1,2";
			};
			name = Release;
		};
		762B5F5027A38CD300C2D24D /* Debug */ = {
			isa = XCBuildConfiguration;
			buildSettings = {
				ALWAYS_EMBED_SWIFT_STANDARD_LIBRARIES = YES;
				BUNDLE_LOADER = "$(TEST_HOST)";
				CODE_SIGN_STYLE = Automatic;
				CURRENT_PROJECT_VERSION = 1;
				GENERATE_INFOPLIST_FILE = YES;
				IPHONEOS_DEPLOYMENT_TARGET = 15.2;
				MARKETING_VERSION = 1.0;
				PRODUCT_BUNDLE_IDENTIFIER = cpp.MyDemoTests;
				PRODUCT_NAME = "$(TARGET_NAME)";
				SWIFT_EMIT_LOC_STRINGS = NO;
				SWIFT_VERSION = 5.0;
				TARGETED_DEVICE_FAMILY = "1,2";
				TEST_HOST = "$(BUILT_PRODUCTS_DIR)/MyDemo.app/MyDemo";
			};
			name = Debug;
		};
		762B5F5127A38CD300C2D24D /* Release */ = {
			isa = XCBuildConfiguration;
			buildSettings = {
				ALWAYS_EMBED_SWIFT_STANDARD_LIBRARIES = YES;
				BUNDLE_LOADER = "$(TEST_HOST)";
				CODE_SIGN_STYLE = Automatic;
				CURRENT_PROJECT_VERSION = 1;
				GENERATE_INFOPLIST_FILE = YES;
				IPHONEOS_DEPLOYMENT_TARGET = 15.2;
				MARKETING_VERSION = 1.0;
				PRODUCT_BUNDLE_IDENTIFIER = cpp.MyDemoTests;
				PRODUCT_NAME = "$(TARGET_NAME)";
				SWIFT_EMIT_LOC_STRINGS = NO;
				SWIFT_VERSION = 5.0;
				TARGETED_DEVICE_FAMILY = "1,2";
				TEST_HOST = "$(BUILT_PRODUCTS_DIR)/MyDemo.app/MyDemo";
			};
			name = Release;
		};
		762B5F5327A38CD300C2D24D /* Debug */ = {
			isa = XCBuildConfiguration;
			buildSettings = {
				ALWAYS_EMBED_SWIFT_STANDARD_LIBRARIES = YES;
				CODE_SIGN_STYLE = Automatic;
				CURRENT_PROJECT_VERSION = 1;
				GENERATE_INFOPLIST_FILE = YES;
				MARKETING_VERSION = 1.0;
				PRODUCT_BUNDLE_IDENTIFIER = cpp.MyDemoUITests;
				PRODUCT_NAME = "$(TARGET_NAME)";
				SWIFT_EMIT_LOC_STRINGS = NO;
				SWIFT_VERSION = 5.0;
				TARGETED_DEVICE_FAMILY = "1,2";
				TEST_TARGET_NAME = MyDemo;
			};
			name = Debug;
		};
		762B5F5427A38CD300C2D24D /* Release */ = {
			isa = XCBuildConfiguration;
			buildSettings = {
				ALWAYS_EMBED_SWIFT_STANDARD_LIBRARIES = YES;
				CODE_SIGN_STYLE = Automatic;
				CURRENT_PROJECT_VERSION = 1;
				GENERATE_INFOPLIST_FILE = YES;
				MARKETING_VERSION = 1.0;
				PRODUCT_BUNDLE_IDENTIFIER = cpp.MyDemoUITests;
				PRODUCT_NAME = "$(TARGET_NAME)";
				SWIFT_EMIT_LOC_STRINGS = NO;
				SWIFT_VERSION = 5.0;
				TARGETED_DEVICE_FAMILY = "1,2";
				TEST_TARGET_NAME = MyDemo;
			};
			name = Release;
		};
/* End XCBuildConfiguration section */

/* Begin XCConfigurationList section */
		762B5F1E27A38CD200C2D24D /* Build configuration list for PBXProject "MyDemo" */ = {
			isa = XCConfigurationList;
			buildConfigurations = (
				762B5F4A27A38CD300C2D24D /* Debug */,
				762B5F4B27A38CD300C2D24D /* Release */,
			);
			defaultConfigurationIsVisible = 0;
			defaultConfigurationName = Release;
		};
		762B5F4C27A38CD300C2D24D /* Build configuration list for PBXNativeTarget "MyDemo" */ = {
			isa = XCConfigurationList;
			buildConfigurations = (
				762B5F4D27A38CD300C2D24D /* Debug */,
				762B5F4E27A38CD300C2D24D /* Release */,
			);
			defaultConfigurationIsVisible = 0;
			defaultConfigurationName = Release;
		};
		762B5F4F27A38CD300C2D24D /* Build configuration list for PBXNativeTarget "MyDemoTests" */ = {
			isa = XCConfigurationList;
			buildConfigurations = (
				762B5F5027A38CD300C2D24D /* Debug */,
				762B5F5127A38CD300C2D24D /* Release */,
			);
			defaultConfigurationIsVisible = 0;
			defaultConfigurationName = Release;
		};
		762B5F5227A38CD300C2D24D /* Build configuration list for PBXNativeTarget "MyDemoUITests" */ = {
			isa = XCConfigurationList;
			buildConfigurations = (
				762B5F5327A38CD300C2D24D /* Debug */,
				762B5F5427A38CD300C2D24D /* Release */,
			);
			defaultConfigurationIsVisible = 0;
			defaultConfigurationName = Release;
		};
/* End XCConfigurationList section */

/* Begin XCVersionGroup section */
		762B5F3127A38CD300C2D24D /* MyDemo.xcdatamodeld */ = {
			isa = XCVersionGroup;
			children = (
				762B5F3227A38CD300C2D24D /* MyDemo.xcdatamodel */,
			);
			currentVersion = 762B5F3227A38CD300C2D24D /* MyDemo.xcdatamodel */;
			path = MyDemo.xcdatamodeld;
			sourceTree = "<group>";
			versionGroupType = wrapper.xcdatamodel;
		};
/* End XCVersionGroup section */
	};
	rootObject = 762B5F1B27A38CD200C2D24D /* Project object */;
}
